// !$*UTF8*$!
{
	archiveVersion = 1;
	classes = {
	};
	objectVersion = 50;
	objects = {

/* Begin PBXBuildFile section */
		852DBEF223B0817000232CF3 /* itemTableViewCell.swift in Sources */ = {isa = PBXBuildFile; fileRef = 852DBEF123B0817000232CF3 /* itemTableViewCell.swift */; };
		852DBEF623B313C800232CF3 /* accountViewController.swift in Sources */ = {isa = PBXBuildFile; fileRef = 852DBEF523B313C800232CF3 /* accountViewController.swift */; };
		852DBEF823B338B000232CF3 /* loginViewController.swift in Sources */ = {isa = PBXBuildFile; fileRef = 852DBEF723B338B000232CF3 /* loginViewController.swift */; };
		852DBEFA23B33A1D00232CF3 /* user.swift in Sources */ = {isa = PBXBuildFile; fileRef = 852DBEF923B33A1C00232CF3 /* user.swift */; };
		8563212323A8D150001A9F32 /* AppDelegate.swift in Sources */ = {isa = PBXBuildFile; fileRef = 8563212223A8D150001A9F32 /* AppDelegate.swift */; };
		8563212523A8D150001A9F32 /* ViewController.swift in Sources */ = {isa = PBXBuildFile; fileRef = 8563212423A8D150001A9F32 /* ViewController.swift */; };
		8563212823A8D150001A9F32 /* Main.storyboard in Resources */ = {isa = PBXBuildFile; fileRef = 8563212623A8D150001A9F32 /* Main.storyboard */; };
		8563212A23A8D154001A9F32 /* Assets.xcassets in Resources */ = {isa = PBXBuildFile; fileRef = 8563212923A8D154001A9F32 /* Assets.xcassets */; };
		8563212D23A8D154001A9F32 /* LaunchScreen.storyboard in Resources */ = {isa = PBXBuildFile; fileRef = 8563212B23A8D154001A9F32 /* LaunchScreen.storyboard */; };
		859692DF23C0BAC2003CF291 /* GlobalFunctions.swift in Sources */ = {isa = PBXBuildFile; fileRef = 859692DE23C0BAC2003CF291 /* GlobalFunctions.swift */; };
		85BC414023A9F91B00AA5B0D /* Colour.xcassets in Resources */ = {isa = PBXBuildFile; fileRef = 85BC413F23A9F91B00AA5B0D /* Colour.xcassets */; };
		85BC414223AB2F4000AA5B0D /* homeViewController.swift in Sources */ = {isa = PBXBuildFile; fileRef = 85BC414123AB2F4000AA5B0D /* homeViewController.swift */; };
		85BC414523AB5FAF00AA5B0D /* API.swift in Sources */ = {isa = PBXBuildFile; fileRef = 85BC414423AB5FAF00AA5B0D /* API.swift */; };
		85BC414823AB740D00AA5B0D /* place.swift in Sources */ = {isa = PBXBuildFile; fileRef = 85BC414723AB740D00AA5B0D /* place.swift */; };
		85BC414B23AB88C500AA5B0D /* restaurantTableViewCell.swift in Sources */ = {isa = PBXBuildFile; fileRef = 85BC414A23AB88C500AA5B0D /* restaurantTableViewCell.swift */; };
		85C424AE23ACAF1600E9ABEA /* restaurant.swift in Sources */ = {isa = PBXBuildFile; fileRef = 85C424AD23ACAF1600E9ABEA /* restaurant.swift */; };
		85C424B023AE029000E9ABEA /* restaurantViewController.swift in Sources */ = {isa = PBXBuildFile; fileRef = 85C424AF23AE029000E9ABEA /* restaurantViewController.swift */; };
		85C424B223AE176E00E9ABEA /* menuItem.swift in Sources */ = {isa = PBXBuildFile; fileRef = 85C424B123AE176E00E9ABEA /* menuItem.swift */; };
/* End PBXBuildFile section */

/* Begin PBXFileReference section */
		852DBEF123B0817000232CF3 /* itemTableViewCell.swift */ = {isa = PBXFileReference; lastKnownFileType = sourcecode.swift; path = itemTableViewCell.swift; sourceTree = "<group>"; };
		852DBEF523B313C800232CF3 /* accountViewController.swift */ = {isa = PBXFileReference; lastKnownFileType = sourcecode.swift; path = accountViewController.swift; sourceTree = "<group>"; };
		852DBEF723B338B000232CF3 /* loginViewController.swift */ = {isa = PBXFileReference; lastKnownFileType = sourcecode.swift; path = loginViewController.swift; sourceTree = "<group>"; };
		852DBEF923B33A1C00232CF3 /* user.swift */ = {isa = PBXFileReference; lastKnownFileType = sourcecode.swift; path = user.swift; sourceTree = "<group>"; };
		8563211F23A8D150001A9F32 /* foodOrderApp.app */ = {isa = PBXFileReference; explicitFileType = wrapper.application; includeInIndex = 0; path = foodOrderApp.app; sourceTree = BUILT_PRODUCTS_DIR; };
		8563212223A8D150001A9F32 /* AppDelegate.swift */ = {isa = PBXFileReference; lastKnownFileType = sourcecode.swift; path = AppDelegate.swift; sourceTree = "<group>"; };
		8563212423A8D150001A9F32 /* ViewController.swift */ = {isa = PBXFileReference; lastKnownFileType = sourcecode.swift; path = ViewController.swift; sourceTree = "<group>"; };
		8563212723A8D150001A9F32 /* Base */ = {isa = PBXFileReference; lastKnownFileType = file.storyboard; name = Base; path = Base.lproj/Main.storyboard; sourceTree = "<group>"; };
		8563212923A8D154001A9F32 /* Assets.xcassets */ = {isa = PBXFileReference; lastKnownFileType = folder.assetcatalog; path = Assets.xcassets; sourceTree = "<group>"; };
		8563212C23A8D154001A9F32 /* Base */ = {isa = PBXFileReference; lastKnownFileType = file.storyboard; name = Base; path = Base.lproj/LaunchScreen.storyboard; sourceTree = "<group>"; };
		8563212E23A8D154001A9F32 /* Info.plist */ = {isa = PBXFileReference; lastKnownFileType = text.plist.xml; path = Info.plist; sourceTree = "<group>"; };
		859692DE23C0BAC2003CF291 /* GlobalFunctions.swift */ = {isa = PBXFileReference; lastKnownFileType = sourcecode.swift; path = GlobalFunctions.swift; sourceTree = "<group>"; };
		85BC413F23A9F91B00AA5B0D /* Colour.xcassets */ = {isa = PBXFileReference; lastKnownFileType = folder.assetcatalog; path = Colour.xcassets; sourceTree = "<group>"; };
		85BC414123AB2F4000AA5B0D /* homeViewController.swift */ = {isa = PBXFileReference; lastKnownFileType = sourcecode.swift; path = homeViewController.swift; sourceTree = "<group>"; };
		85BC414423AB5FAF00AA5B0D /* API.swift */ = {isa = PBXFileReference; lastKnownFileType = sourcecode.swift; path = API.swift; sourceTree = "<group>"; };
		85BC414723AB740D00AA5B0D /* place.swift */ = {isa = PBXFileReference; lastKnownFileType = sourcecode.swift; path = place.swift; sourceTree = "<group>"; };
		85BC414A23AB88C500AA5B0D /* restaurantTableViewCell.swift */ = {isa = PBXFileReference; lastKnownFileType = sourcecode.swift; path = restaurantTableViewCell.swift; sourceTree = "<group>"; };
		85C424AD23ACAF1600E9ABEA /* restaurant.swift */ = {isa = PBXFileReference; lastKnownFileType = sourcecode.swift; path = restaurant.swift; sourceTree = "<group>"; };
		85C424AF23AE029000E9ABEA /* restaurantViewController.swift */ = {isa = PBXFileReference; lastKnownFileType = sourcecode.swift; path = restaurantViewController.swift; sourceTree = "<group>"; };
		85C424B123AE176E00E9ABEA /* menuItem.swift */ = {isa = PBXFileReference; lastKnownFileType = sourcecode.swift; path = menuItem.swift; sourceTree = "<group>"; };
/* End PBXFileReference section */

/* Begin PBXFrameworksBuildPhase section */
		8563211C23A8D150001A9F32 /* Frameworks */ = {
			isa = PBXFrameworksBuildPhase;
			buildActionMask = 2147483647;
			files = (
			);
			runOnlyForDeploymentPostprocessing = 0;
		};
/* End PBXFrameworksBuildPhase section */

/* Begin PBXGroup section */
		8563211623A8D150001A9F32 = {
			isa = PBXGroup;
			children = (
				8563212123A8D150001A9F32 /* foodOrderApp */,
				8563212023A8D150001A9F32 /* Products */,
			);
			sourceTree = "<group>";
		};
		8563212023A8D150001A9F32 /* Products */ = {
			isa = PBXGroup;
			children = (
				8563211F23A8D150001A9F32 /* foodOrderApp.app */,
			);
			name = Products;
			sourceTree = "<group>";
		};
		8563212123A8D150001A9F32 /* foodOrderApp */ = {
			isa = PBXGroup;
			children = (
				859692DD23C0BA9B003CF291 /* Global */,
				85BC414923AB87AA00AA5B0D /* TableViewCells */,
				85BC414623AB6A9500AA5B0D /* Model */,
				85BC414323AB5F5A00AA5B0D /* Controller */,
				8563212223A8D150001A9F32 /* AppDelegate.swift */,
				8563212623A8D150001A9F32 /* Main.storyboard */,
				8563212923A8D154001A9F32 /* Assets.xcassets */,
				8563212B23A8D154001A9F32 /* LaunchScreen.storyboard */,
				8563212E23A8D154001A9F32 /* Info.plist */,
				85BC413F23A9F91B00AA5B0D /* Colour.xcassets */,
				85BC414423AB5FAF00AA5B0D /* API.swift */,
			);
			path = foodOrderApp;
			sourceTree = "<group>";
		};
		859692DD23C0BA9B003CF291 /* Global */ = {
			isa = PBXGroup;
			children = (
				859692DE23C0BAC2003CF291 /* GlobalFunctions.swift */,
			);
			path = Global;
			sourceTree = "<group>";
		};
		85BC414323AB5F5A00AA5B0D /* Controller */ = {
			isa = PBXGroup;
			children = (
				8563212423A8D150001A9F32 /* ViewController.swift */,
				85BC414123AB2F4000AA5B0D /* homeViewController.swift */,
				85C424AF23AE029000E9ABEA /* restaurantViewController.swift */,
				852DBEF523B313C800232CF3 /* accountViewController.swift */,
				852DBEF723B338B000232CF3 /* loginViewController.swift */,
			);
			path = Controller;
			sourceTree = "<group>";
		};
		85BC414623AB6A9500AA5B0D /* Model */ = {
			isa = PBXGroup;
			children = (
				85BC414723AB740D00AA5B0D /* place.swift */,
				85C424AD23ACAF1600E9ABEA /* restaurant.swift */,
				85C424B123AE176E00E9ABEA /* menuItem.swift */,
				852DBEF923B33A1C00232CF3 /* user.swift */,
			);
			path = Model;
			sourceTree = "<group>";
		};
		85BC414923AB87AA00AA5B0D /* TableViewCells */ = {
			isa = PBXGroup;
			children = (
				85BC414A23AB88C500AA5B0D /* restaurantTableViewCell.swift */,
				852DBEF123B0817000232CF3 /* itemTableViewCell.swift */,
			);
			path = TableViewCells;
			sourceTree = "<group>";
		};
/* End PBXGroup section */

/* Begin PBXNativeTarget section */
		8563211E23A8D150001A9F32 /* foodOrderApp */ = {
			isa = PBXNativeTarget;
			buildConfigurationList = 8563213123A8D154001A9F32 /* Build configuration list for PBXNativeTarget "foodOrderApp" */;
			buildPhases = (
				8563211B23A8D150001A9F32 /* Sources */,
				8563211C23A8D150001A9F32 /* Frameworks */,
				8563211D23A8D150001A9F32 /* Resources */,
			);
			buildRules = (
			);
			dependencies = (
			);
			name = foodOrderApp;
			productName = foodOrderApp;
			productReference = 8563211F23A8D150001A9F32 /* foodOrderApp.app */;
			productType = "com.apple.product-type.application";
		};
/* End PBXNativeTarget section */

/* Begin PBXProject section */
		8563211723A8D150001A9F32 /* Project object */ = {
			isa = PBXProject;
			attributes = {
				LastSwiftUpdateCheck = 1020;
				LastUpgradeCheck = 1020;
				ORGANIZATIONNAME = Sujata;
				TargetAttributes = {
					8563211E23A8D150001A9F32 = {
						CreatedOnToolsVersion = 10.2.1;
					};
				};
			};
			buildConfigurationList = 8563211A23A8D150001A9F32 /* Build configuration list for PBXProject "foodOrderApp" */;
			compatibilityVersion = "Xcode 9.3";
			developmentRegion = en;
			hasScannedForEncodings = 0;
			knownRegions = (
				en,
				Base,
			);
			mainGroup = 8563211623A8D150001A9F32;
			productRefGroup = 8563212023A8D150001A9F32 /* Products */;
			projectDirPath = "";
			projectRoot = "";
			targets = (
				8563211E23A8D150001A9F32 /* foodOrderApp */,
			);
		};
/* End PBXProject section */

/* Begin PBXResourcesBuildPhase section */
		8563211D23A8D150001A9F32 /* Resources */ = {
			isa = PBXResourcesBuildPhase;
			buildActionMask = 2147483647;
			files = (
				8563212D23A8D154001A9F32 /* LaunchScreen.storyboard in Resources */,
				8563212A23A8D154001A9F32 /* Assets.xcassets in Resources */,
				8563212823A8D150001A9F32 /* Main.storyboard in Resources */,
				85BC414023A9F91B00AA5B0D /* Colour.xcassets in Resources */,
			);
			runOnlyForDeploymentPostprocessing = 0;
		};
/* End PBXResourcesBuildPhase section */

/* Begin PBXSourcesBuildPhase section */
		8563211B23A8D150001A9F32 /* Sources */ = {
			isa = PBXSourcesBuildPhase;
			buildActionMask = 2147483647;
			files = (
				852DBEFA23B33A1D00232CF3 /* user.swift in Sources */,
				852DBEF223B0817000232CF3 /* itemTableViewCell.swift in Sources */,
				859692DF23C0BAC2003CF291 /* GlobalFunctions.swift in Sources */,
				852DBEF623B313C800232CF3 /* accountViewController.swift in Sources */,
				85C424AE23ACAF1600E9ABEA /* restaurant.swift in Sources */,
				85C424B023AE029000E9ABEA /* restaurantViewController.swift in Sources */,
				8563212523A8D150001A9F32 /* ViewController.swift in Sources */,
				85BC414223AB2F4000AA5B0D /* homeViewController.swift in Sources */,
				85BC414523AB5FAF00AA5B0D /* API.swift in Sources */,
				85BC414823AB740D00AA5B0D /* place.swift in Sources */,
				852DBEF823B338B000232CF3 /* loginViewController.swift in Sources */,
				85BC414B23AB88C500AA5B0D /* restaurantTableViewCell.swift in Sources */,
				85C424B223AE176E00E9ABEA /* menuItem.swift in Sources */,
				8563212323A8D150001A9F32 /* AppDelegate.swift in Sources */,
			);
			runOnlyForDeploymentPostprocessing = 0;
		};
/* End PBXSourcesBuildPhase section */

/* Begin PBXVariantGroup section */
		8563212623A8D150001A9F32 /* Main.storyboard */ = {
			isa = PBXVariantGroup;
			children = (
				8563212723A8D150001A9F32 /* Base */,
			);
			name = Main.storyboard;
			sourceTree = "<group>";
		};
		8563212B23A8D154001A9F32 /* LaunchScreen.storyboard */ = {
			isa = PBXVariantGroup;
			children = (
				8563212C23A8D154001A9F32 /* Base */,
			);
			name = LaunchScreen.storyboard;
			sourceTree = "<group>";
		};
/* End PBXVariantGroup section */

/* Begin XCBuildConfiguration section */
		8563212F23A8D154001A9F32 /* Debug */ = {
			isa = XCBuildConfiguration;
			buildSettings = {
				ALWAYS_SEARCH_USER_PATHS = NO;
				CLANG_ANALYZER_NONNULL = YES;
				CLANG_ANALYZER_NUMBER_OBJECT_CONVERSION = YES_AGGRESSIVE;
				CLANG_CXX_LANGUAGE_STANDARD = "gnu++14";
				CLANG_CXX_LIBRARY = "libc++";
				CLANG_ENABLE_MODULES = YES;
				CLANG_ENABLE_OBJC_ARC = YES;
				CLANG_ENABLE_OBJC_WEAK = YES;
				CLANG_WARN_BLOCK_CAPTURE_AUTORELEASING = YES;
				CLANG_WARN_BOOL_CONVERSION = YES;
				CLANG_WARN_COMMA = YES;
				CLANG_WARN_CONSTANT_CONVERSION = YES;
				CLANG_WARN_DEPRECATED_OBJC_IMPLEMENTATIONS = YES;
				CLANG_WARN_DIRECT_OBJC_ISA_USAGE = YES_ERROR;
				CLANG_WARN_DOCUMENTATION_COMMENTS = YES;
				CLANG_WARN_EMPTY_BODY = YES;
				CLANG_WARN_ENUM_CONVERSION = YES;
				CLANG_WARN_INFINITE_RECURSION = YES;
				CLANG_WARN_INT_CONVERSION = YES;
				CLANG_WARN_NON_LITERAL_NULL_CONVERSION = YES;
				CLANG_WARN_OBJC_IMPLICIT_RETAIN_SELF = YES;
				CLANG_WARN_OBJC_LITERAL_CONVERSION = YES;
				CLANG_WARN_OBJC_ROOT_CLASS = YES_ERROR;
				CLANG_WARN_RANGE_LOOP_ANALYSIS = YES;
				CLANG_WARN_STRICT_PROTOTYPES = YES;
				CLANG_WARN_SUSPICIOUS_MOVE = YES;
				CLANG_WARN_UNGUARDED_AVAILABILITY = YES_AGGRESSIVE;
				CLANG_WARN_UNREACHABLE_CODE = YES;
				CLANG_WARN__DUPLICATE_METHOD_MATCH = YES;
				CODE_SIGN_IDENTITY = "iPhone Developer";
				COPY_PHASE_STRIP = NO;
				DEBUG_INFORMATION_FORMAT = dwarf;
				ENABLE_STRICT_OBJC_MSGSEND = YES;
				ENABLE_TESTABILITY = YES;
				GCC_C_LANGUAGE_STANDARD = gnu11;
				GCC_DYNAMIC_NO_PIC = NO;
				GCC_NO_COMMON_BLOCKS = YES;
				GCC_OPTIMIZATION_LEVEL = 0;
				GCC_PREPROCESSOR_DEFINITIONS = (
					"DEBUG=1",
					"$(inherited)",
				);
				GCC_WARN_64_TO_32_BIT_CONVERSION = YES;
				GCC_WARN_ABOUT_RETURN_TYPE = YES_ERROR;
				GCC_WARN_UNDECLARED_SELECTOR = YES;
				GCC_WARN_UNINITIALIZED_AUTOS = YES_AGGRESSIVE;
				GCC_WARN_UNUSED_FUNCTION = YES;
				GCC_WARN_UNUSED_VARIABLE = YES;
				IPHONEOS_DEPLOYMENT_TARGET = 12.2;
				MTL_ENABLE_DEBUG_INFO = INCLUDE_SOURCE;
				MTL_FAST_MATH = YES;
				ONLY_ACTIVE_ARCH = YES;
				SDKROOT = iphoneos;
				SWIFT_ACTIVE_COMPILATION_CONDITIONS = DEBUG;
				SWIFT_OPTIMIZATION_LEVEL = "-Onone";
			};
			name = Debug;
		};
		8563213023A8D154001A9F32 /* Release */ = {
			isa = XCBuildConfiguration;
			buildSettings = {
				ALWAYS_SEARCH_USER_PATHS = NO;
				CLANG_ANALYZER_NONNULL = YES;
				CLANG_ANALYZER_NUMBER_OBJECT_CONVERSION = YES_AGGRESSIVE;
				CLANG_CXX_LANGUAGE_STANDARD = "gnu++14";
				CLANG_CXX_LIBRARY = "libc++";
				CLANG_ENABLE_MODULES = YES;
				CLANG_ENABLE_OBJC_ARC = YES;
				CLANG_ENABLE_OBJC_WEAK = YES;
				CLANG_WARN_BLOCK_CAPTURE_AUTORELEASING = YES;
				CLANG_WARN_BOOL_CONVERSION = YES;
				CLANG_WARN_COMMA = YES;
				CLANG_WARN_CONSTANT_CONVERSION = YES;
				CLANG_WARN_DEPRECATED_OBJC_IMPLEMENTATIONS = YES;
				CLANG_WARN_DIRECT_OBJC_ISA_USAGE = YES_ERROR;
				CLANG_WARN_DOCUMENTATION_COMMENTS = YES;
				CLANG_WARN_EMPTY_BODY = YES;
				CLANG_WARN_ENUM_CONVERSION = YES;
				CLANG_WARN_INFINITE_RECURSION = YES;
				CLANG_WARN_INT_CONVERSION = YES;
				CLANG_WARN_NON_LITERAL_NULL_CONVERSION = YES;
				CLANG_WARN_OBJC_IMPLICIT_RETAIN_SELF = YES;
				CLANG_WARN_OBJC_LITERAL_CONVERSION = YES;
				CLANG_WARN_OBJC_ROOT_CLASS = YES_ERROR;
				CLANG_WARN_RANGE_LOOP_ANALYSIS = YES;
				CLANG_WARN_STRICT_PROTOTYPES = YES;
				CLANG_WARN_SUSPICIOUS_MOVE = YES;
				CLANG_WARN_UNGUARDED_AVAILABILITY = YES_AGGRESSIVE;
				CLANG_WARN_UNREACHABLE_CODE = YES;
				CLANG_WARN__DUPLICATE_METHOD_MATCH = YES;
				CODE_SIGN_IDENTITY = "iPhone Developer";
				COPY_PHASE_STRIP = NO;
				DEBUG_INFORMATION_FORMAT = "dwarf-with-dsym";
				ENABLE_NS_ASSERTIONS = NO;
				ENABLE_STRICT_OBJC_MSGSEND = YES;
				GCC_C_LANGUAGE_STANDARD = gnu11;
				GCC_NO_COMMON_BLOCKS = YES;
				GCC_WARN_64_TO_32_BIT_CONVERSION = YES;
				GCC_WARN_ABOUT_RETURN_TYPE = YES_ERROR;
				GCC_WARN_UNDECLARED_SELECTOR = YES;
				GCC_WARN_UNINITIALIZED_AUTOS = YES_AGGRESSIVE;
				GCC_WARN_UNUSED_FUNCTION = YES;
				GCC_WARN_UNUSED_VARIABLE = YES;
				IPHONEOS_DEPLOYMENT_TARGET = 12.2;
				MTL_ENABLE_DEBUG_INFO = NO;
				MTL_FAST_MATH = YES;
				SDKROOT = iphoneos;
				SWIFT_COMPILATION_MODE = wholemodule;
				SWIFT_OPTIMIZATION_LEVEL = "-O";
				VALIDATE_PRODUCT = YES;
			};
			name = Release;
		};
		8563213223A8D154001A9F32 /* Debug */ = {
			isa = XCBuildConfiguration;
			buildSettings = {
				ASSETCATALOG_COMPILER_APPICON_NAME = AppIcon;
				CODE_SIGN_STYLE = Automatic;
				DEVELOPMENT_TEAM = T2V9TMD8BP;
				INFOPLIST_FILE = foodOrderApp/Info.plist;
				LD_RUNPATH_SEARCH_PATHS = (
					"$(inherited)",
					"@executable_path/Frameworks",
				);
				PRODUCT_BUNDLE_IDENTIFIER = Sujata.foodOrderApp;
				PRODUCT_NAME = "$(TARGET_NAME)";
				SWIFT_VERSION = 5.0;
				TARGETED_DEVICE_FAMILY = "1,2";
			};
			name = Debug;
		};
		8563213323A8D154001A9F32 /* Release */ = {
			isa = XCBuildConfiguration;
			buildSettings = {
				ASSETCATALOG_COMPILER_APPICON_NAME = AppIcon;
				CODE_SIGN_STYLE = Automatic;
				DEVELOPMENT_TEAM = T2V9TMD8BP;
				INFOPLIST_FILE = foodOrderApp/Info.plist;
				LD_RUNPATH_SEARCH_PATHS = (
					"$(inherited)",
					"@executable_path/Frameworks",
				);
				PRODUCT_BUNDLE_IDENTIFIER = Sujata.foodOrderApp;
				PRODUCT_NAME = "$(TARGET_NAME)";
				SWIFT_VERSION = 5.0;
				TARGETED_DEVICE_FAMILY = "1,2";
			};
			name = Release;
		};
/* End XCBuildConfiguration section */

/* Begin XCConfigurationList section */
		8563211A23A8D150001A9F32 /* Build configuration list for PBXProject "foodOrderApp" */ = {
			isa = XCConfigurationList;
			buildConfigurations = (
				8563212F23A8D154001A9F32 /* Debug */,
				8563213023A8D154001A9F32 /* Release */,
			);
			defaultConfigurationIsVisible = 0;
			defaultConfigurationName = Release;
		};
		8563213123A8D154001A9F32 /* Build configuration list for PBXNativeTarget "foodOrderApp" */ = {
			isa = XCConfigurationList;
			buildConfigurations = (
				8563213223A8D154001A9F32 /* Debug */,
				8563213323A8D154001A9F32 /* Release */,
			);
			defaultConfigurationIsVisible = 0;
			defaultConfigurationName = Release;
		};
/* End XCConfigurationList section */
	};
	rootObject = 8563211723A8D150001A9F32 /* Project object */;
}
